// !$*UTF8*$!
{
	archiveVersion = 1;
	classes = {
	};
	objectVersion = 50;
	objects = {

/* Begin PBXBuildFile section */
		02044AFB23A8C3A400380116 /* AppDelegate.swift in Sources */ = {isa = PBXBuildFile; fileRef = 02044AFA23A8C3A400380116 /* AppDelegate.swift */; };
		02044AFD23A8C3A400380116 /* SceneDelegate.swift in Sources */ = {isa = PBXBuildFile; fileRef = 02044AFC23A8C3A400380116 /* SceneDelegate.swift */; };
		02044AFF23A8C3A400380116 /* ContentView.swift in Sources */ = {isa = PBXBuildFile; fileRef = 02044AFE23A8C3A400380116 /* ContentView.swift */; };
		02044B0123A8C3A700380116 /* Assets.xcassets in Resources */ = {isa = PBXBuildFile; fileRef = 02044B0023A8C3A700380116 /* Assets.xcassets */; };
		02044B0423A8C3A700380116 /* Preview Assets.xcassets in Resources */ = {isa = PBXBuildFile; fileRef = 02044B0323A8C3A700380116 /* Preview Assets.xcassets */; };
		02044B0723A8C3A700380116 /* LaunchScreen.storyboard in Resources */ = {isa = PBXBuildFile; fileRef = 02044B0523A8C3A700380116 /* LaunchScreen.storyboard */; };
/* End PBXBuildFile section */

/* Begin PBXFileReference section */
		02044AF723A8C3A400380116 /* SwiftUIProgrammer.app */ = {isa = PBXFileReference; explicitFileType = wrapper.application; includeInIndex = 0; path = SwiftUIProgrammer.app; sourceTree = BUILT_PRODUCTS_DIR; };
		02044AFA23A8C3A400380116 /* AppDelegate.swift */ = {isa = PBXFileReference; lastKnownFileType = sourcecode.swift; path = AppDelegate.swift; sourceTree = "<group>"; };
		02044AFC23A8C3A400380116 /* SceneDelegate.swift */ = {isa = PBXFileReference; lastKnownFileType = sourcecode.swift; path = SceneDelegate.swift; sourceTree = "<group>"; };
		02044AFE23A8C3A400380116 /* ContentView.swift */ = {isa = PBXFileReference; lastKnownFileType = sourcecode.swift; path = ContentView.swift; sourceTree = "<group>"; };
		02044B0023A8C3A700380116 /* Assets.xcassets */ = {isa = PBXFileReference; lastKnownFileType = folder.assetcatalog; path = Assets.xcassets; sourceTree = "<group>"; };
		02044B0323A8C3A700380116 /* Preview Assets.xcassets */ = {isa = PBXFileReference; lastKnownFileType = folder.assetcatalog; path = "Preview Assets.xcassets"; sourceTree = "<group>"; };
		02044B0623A8C3A700380116 /* Base */ = {isa = PBXFileReference; lastKnownFileType = file.storyboard; name = Base; path = Base.lproj/LaunchScreen.storyboard; sourceTree = "<group>"; };
		02044B0823A8C3A700380116 /* Info.plist */ = {isa = PBXFileReference; lastKnownFileType = text.plist.xml; path = Info.plist; sourceTree = "<group>"; };
/* End PBXFileReference section */

/* Begin PBXFrameworksBuildPhase section */
		02044AF423A8C3A400380116 /* Frameworks */ = {
			isa = PBXFrameworksBuildPhase;
			buildActionMask = 2147483647;
			files = (
			);
			runOnlyForDeploymentPostprocessing = 0;
		};
/* End PBXFrameworksBuildPhase section */

/* Begin PBXGroup section */
		02044AEE23A8C3A400380116 = {
			isa = PBXGroup;
			children = (
				02044AF923A8C3A400380116 /* SwiftUIProgrammer */,
				02044AF823A8C3A400380116 /* Products */,
			);
			sourceTree = "<group>";
		};
		02044AF823A8C3A400380116 /* Products */ = {
			isa = PBXGroup;
			children = (
				02044AF723A8C3A400380116 /* SwiftUIProgrammer.app */,
			);
			name = Products;
			sourceTree = "<group>";
		};
		02044AF923A8C3A400380116 /* SwiftUIProgrammer */ = {
			isa = PBXGroup;
			children = (
				02044AFA23A8C3A400380116 /* AppDelegate.swift */,
				02044AFC23A8C3A400380116 /* SceneDelegate.swift */,
				02044AFE23A8C3A400380116 /* ContentView.swift */,
				02044B0023A8C3A700380116 /* Assets.xcassets */,
				02044B0523A8C3A700380116 /* LaunchScreen.storyboard */,
				02044B0823A8C3A700380116 /* Info.plist */,
				02044B0223A8C3A700380116 /* Preview Content */,
			);
			path = SwiftUIProgrammer;
			sourceTree = "<group>";
		};
		02044B0223A8C3A700380116 /* Preview Content */ = {
			isa = PBXGroup;
			children = (
				02044B0323A8C3A700380116 /* Preview Assets.xcassets */,
			);
			path = "Preview Content";
			sourceTree = "<group>";
		};
/* End PBXGroup section */

/* Begin PBXNativeTarget section */
		02044AF623A8C3A400380116 /* SwiftUIProgrammer */ = {
			isa = PBXNativeTarget;
			buildConfigurationList = 02044B0B23A8C3A700380116 /* Build configuration list for PBXNativeTarget "SwiftUIProgrammer" */;
			buildPhases = (
				02044AF323A8C3A400380116 /* Sources */,
				02044AF423A8C3A400380116 /* Frameworks */,
				02044AF523A8C3A400380116 /* Resources */,
			);
			buildRules = (
			);
			dependencies = (
			);
			name = SwiftUIProgrammer;
			productName = SwiftUIProgrammer;
			productReference = 02044AF723A8C3A400380116 /* SwiftUIProgrammer.app */;
			productType = "com.apple.product-type.application";
		};
/* End PBXNativeTarget section */

/* Begin PBXProject section */
		02044AEF23A8C3A400380116 /* Project object */ = {
			isa = PBXProject;
			attributes = {
				LastSwiftUpdateCheck = 1110;
				LastUpgradeCheck = 1110;
				ORGANIZATIONNAME = Zerone;
				TargetAttributes = {
					02044AF623A8C3A400380116 = {
						CreatedOnToolsVersion = 11.1;
					};
				};
			};
			buildConfigurationList = 02044AF223A8C3A400380116 /* Build configuration list for PBXProject "SwiftUIProgrammer" */;
			compatibilityVersion = "Xcode 9.3";
			developmentRegion = en;
			hasScannedForEncodings = 0;
			knownRegions = (
				en,
				Base,
			);
			mainGroup = 02044AEE23A8C3A400380116;
			productRefGroup = 02044AF823A8C3A400380116 /* Products */;
			projectDirPath = "";
			projectRoot = "";
			targets = (
				02044AF623A8C3A400380116 /* SwiftUIProgrammer */,
			);
		};
/* End PBXProject section */

/* Begin PBXResourcesBuildPhase section */
		02044AF523A8C3A400380116 /* Resources */ = {
			isa = PBXResourcesBuildPhase;
			buildActionMask = 2147483647;
			files = (
				02044B0723A8C3A700380116 /* LaunchScreen.storyboard in Resources */,
				02044B0423A8C3A700380116 /* Preview Assets.xcassets in Resources */,
				02044B0123A8C3A700380116 /* Assets.xcassets in Resources */,
			);
			runOnlyForDeploymentPostprocessing = 0;
		};
/* End PBXResourcesBuildPhase section */

/* Begin PBXSourcesBuildPhase section */
		02044AF323A8C3A400380116 /* Sources */ = {
			isa = PBXSourcesBuildPhase;
			buildActionMask = 2147483647;
			files = (
				02044AFB23A8C3A400380116 /* AppDelegate.swift in Sources */,
				02044AFD23A8C3A400380116 /* SceneDelegate.swift in Sources */,
				02044AFF23A8C3A400380116 /* ContentView.swift in Sources */,
			);
			runOnlyForDeploymentPostprocessing = 0;
		};
/* End PBXSourcesBuildPhase section */

/* Begin PBXVariantGroup section */
		02044B0523A8C3A700380116 /* LaunchScreen.storyboard */ = {
			isa = PBXVariantGroup;
			children = (
				02044B0623A8C3A700380116 /* Base */,
			);
			name = LaunchScreen.storyboard;
			sourceTree = "<group>";
		};
/* End PBXVariantGroup section */

/* Begin XCBuildConfiguration section */
		02044B0923A8C3A700380116 /* Debug */ = {
			isa = XCBuildConfiguration;
			buildSettings = {
				ALWAYS_SEARCH_USER_PATHS = NO;
				CLANG_ANALYZER_NONNULL = YES;
				CLANG_ANALYZER_NUMBER_OBJECT_CONVERSION = YES_AGGRESSIVE;
				CLANG_CXX_LANGUAGE_STANDARD = "gnu++14";
				CLANG_CXX_LIBRARY = "libc++";
				CLANG_ENABLE_MODULES = YES;
				CLANG_ENABLE_OBJC_ARC = YES;
				CLANG_ENABLE_OBJC_WEAK = YES;
				CLANG_WARN_BLOCK_CAPTURE_AUTORELEASING = YES;
				CLANG_WARN_BOOL_CONVERSION = YES;
				CLANG_WARN_COMMA = YES;
				CLANG_WARN_CONSTANT_CONVERSION = YES;
				CLANG_WARN_DEPRECATED_OBJC_IMPLEMENTATIONS = YES;
				CLANG_WARN_DIRECT_OBJC_ISA_USAGE = YES_ERROR;
				CLANG_WARN_DOCUMENTATION_COMMENTS = YES;
				CLANG_WARN_EMPTY_BODY = YES;
				CLANG_WARN_ENUM_CONVERSION = YES;
				CLANG_WARN_INFINITE_RECURSION = YES;
				CLANG_WARN_INT_CONVERSION = YES;
				CLANG_WARN_NON_LITERAL_NULL_CONVERSION = YES;
				CLANG_WARN_OBJC_IMPLICIT_RETAIN_SELF = YES;
				CLANG_WARN_OBJC_LITERAL_CONVERSION = YES;
				CLANG_WARN_OBJC_ROOT_CLASS = YES_ERROR;
				CLANG_WARN_RANGE_LOOP_ANALYSIS = YES;
				CLANG_WARN_STRICT_PROTOTYPES = YES;
				CLANG_WARN_SUSPICIOUS_MOVE = YES;
				CLANG_WARN_UNGUARDED_AVAILABILITY = YES_AGGRESSIVE;
				CLANG_WARN_UNREACHABLE_CODE = YES;
				CLANG_WARN__DUPLICATE_METHOD_MATCH = YES;
				COPY_PHASE_STRIP = NO;
				DEBUG_INFORMATION_FORMAT = dwarf;
				ENABLE_STRICT_OBJC_MSGSEND = YES;
				ENABLE_TESTABILITY = YES;
				GCC_C_LANGUAGE_STANDARD = gnu11;
				GCC_DYNAMIC_NO_PIC = NO;
				GCC_NO_COMMON_BLOCKS = YES;
				GCC_OPTIMIZATION_LEVEL = 0;
				GCC_PREPROCESSOR_DEFINITIONS = (
					"DEBUG=1",
					"$(inherited)",
				);
				GCC_WARN_64_TO_32_BIT_CONVERSION = YES;
				GCC_WARN_ABOUT_RETURN_TYPE = YES_ERROR;
				GCC_WARN_UNDECLARED_SELECTOR = YES;
				GCC_WARN_UNINITIALIZED_AUTOS = YES_AGGRESSIVE;
				GCC_WARN_UNUSED_FUNCTION = YES;
				GCC_WARN_UNUSED_VARIABLE = YES;
				IPHONEOS_DEPLOYMENT_TARGET = 13.1;
				MTL_ENABLE_DEBUG_INFO = INCLUDE_SOURCE;
				MTL_FAST_MATH = YES;
				ONLY_ACTIVE_ARCH = YES;
				SDKROOT = iphoneos;
				SWIFT_ACTIVE_COMPILATION_CONDITIONS = DEBUG;
				SWIFT_OPTIMIZATION_LEVEL = "-Onone";
			};
			name = Debug;
		};
		02044B0A23A8C3A700380116 /* Release */ = {
			isa = XCBuildConfiguration;
			buildSettings = {
				ALWAYS_SEARCH_USER_PATHS = NO;
				CLANG_ANALYZER_NONNULL = YES;
				CLANG_ANALYZER_NUMBER_OBJECT_CONVERSION = YES_AGGRESSIVE;
				CLANG_CXX_LANGUAGE_STANDARD = "gnu++14";
				CLANG_CXX_LIBRARY = "libc++";
				CLANG_ENABLE_MODULES = YES;
				CLANG_ENABLE_OBJC_ARC = YES;
				CLANG_ENABLE_OBJC_WEAK = YES;
				CLANG_WARN_BLOCK_CAPTURE_AUTORELEASING = YES;
				CLANG_WARN_BOOL_CONVERSION = YES;
				CLANG_WARN_COMMA = YES;
				CLANG_WARN_CONSTANT_CONVERSION = YES;
				CLANG_WARN_DEPRECATED_OBJC_IMPLEMENTATIONS = YES;
				CLANG_WARN_DIRECT_OBJC_ISA_USAGE = YES_ERROR;
				CLANG_WARN_DOCUMENTATION_COMMENTS = YES;
				CLANG_WARN_EMPTY_BODY = YES;
				CLANG_WARN_ENUM_CONVERSION = YES;
				CLANG_WARN_INFINITE_RECURSION = YES;
				CLANG_WARN_INT_CONVERSION = YES;
				CLANG_WARN_NON_LITERAL_NULL_CONVERSION = YES;
				CLANG_WARN_OBJC_IMPLICIT_RETAIN_SELF = YES;
				CLANG_WARN_OBJC_LITERAL_CONVERSION = YES;
				CLANG_WARN_OBJC_ROOT_CLASS = YES_ERROR;
				CLANG_WARN_RANGE_LOOP_ANALYSIS = YES;
				CLANG_WARN_STRICT_PROTOTYPES = YES;
				CLANG_WARN_SUSPICIOUS_MOVE = YES;
				CLANG_WARN_UNGUARDED_AVAILABILITY = YES_AGGRESSIVE;
				CLANG_WARN_UNREACHABLE_CODE = YES;
				CLANG_WARN__DUPLICATE_METHOD_MATCH = YES;
				COPY_PHASE_STRIP = NO;
				DEBUG_INFORMATION_FORMAT = "dwarf-with-dsym";
				ENABLE_NS_ASSERTIONS = NO;
				ENABLE_STRICT_OBJC_MSGSEND = YES;
				GCC_C_LANGUAGE_STANDARD = gnu11;
				GCC_NO_COMMON_BLOCKS = YES;
				GCC_WARN_64_TO_32_BIT_CONVERSION = YES;
				GCC_WARN_ABOUT_RETURN_TYPE = YES_ERROR;
				GCC_WARN_UNDECLARED_SELECTOR = YES;
				GCC_WARN_UNINITIALIZED_AUTOS = YES_AGGRESSIVE;
				GCC_WARN_UNUSED_FUNCTION = YES;
				GCC_WARN_UNUSED_VARIABLE = YES;
				IPHONEOS_DEPLOYMENT_TARGET = 13.1;
				MTL_ENABLE_DEBUG_INFO = NO;
				MTL_FAST_MATH = YES;
				SDKROOT = iphoneos;
				SWIFT_COMPILATION_MODE = wholemodule;
				SWIFT_OPTIMIZATION_LEVEL = "-O";
				VALIDATE_PRODUCT = YES;
			};
			name = Release;
		};
		02044B0C23A8C3A700380116 /* Debug */ = {
			isa = XCBuildConfiguration;
			buildSettings = {
				ASSETCATALOG_COMPILER_APPICON_NAME = AppIcon;
				CODE_SIGN_STYLE = Automatic;
				DEVELOPMENT_ASSET_PATHS = "\"SwiftUIProgrammer/Preview Content\"";
				DEVELOPMENT_TEAM = S9GSUR5LJ2;
				ENABLE_PREVIEWS = YES;
				INFOPLIST_FILE = SwiftUIProgrammer/Info.plist;
				LD_RUNPATH_SEARCH_PATHS = (
					"$(inherited)",
					"@executable_path/Frameworks",
				);
				PRODUCT_BUNDLE_IDENTIFIER = com.zerone.SwiftUIProgrammer;
				PRODUCT_NAME = "$(TARGET_NAME)";
				SWIFT_VERSION = 5.0;
				TARGETED_DEVICE_FAMILY = "1,2";
			};
			name = Debug;
		};
		02044B0D23A8C3A700380116 /* Release */ = {
			isa = XCBuildConfiguration;
			buildSettings = {
				ASSETCATALOG_COMPILER_APPICON_NAME = AppIcon;
				CODE_SIGN_STYLE = Automatic;
				DEVELOPMENT_ASSET_PATHS = "\"SwiftUIProgrammer/Preview Content\"";
				DEVELOPMENT_TEAM = S9GSUR5LJ2;
				ENABLE_PREVIEWS = YES;
				INFOPLIST_FILE = SwiftUIProgrammer/Info.plist;
				LD_RUNPATH_SEARCH_PATHS = (
					"$(inherited)",
					"@executable_path/Frameworks",
				);
				PRODUCT_BUNDLE_IDENTIFIER = com.zerone.SwiftUIProgrammer;
				PRODUCT_NAME = "$(TARGET_NAME)";
				SWIFT_VERSION = 5.0;
				TARGETED_DEVICE_FAMILY = "1,2";
			};
			name = Release;
		};
/* End XCBuildConfiguration section */

/* Begin XCConfigurationList section */
		02044AF223A8C3A400380116 /* Build configuration list for PBXProject "SwiftUIProgrammer" */ = {
			isa = XCConfigurationList;
			buildConfigurations = (
				02044B0923A8C3A700380116 /* Debug */,
				02044B0A23A8C3A700380116 /* Release */,
			);
			defaultConfigurationIsVisible = 0;
			defaultConfigurationName = Release;
		};
		02044B0B23A8C3A700380116 /* Build configuration list for PBXNativeTarget "SwiftUIProgrammer" */ = {
			isa = XCConfigurationList;
			buildConfigurations = (
				02044B0C23A8C3A700380116 /* Debug */,
				02044B0D23A8C3A700380116 /* Release */,
			);
			defaultConfigurationIsVisible = 0;
			defaultConfigurationName = Release;
		};
/* End XCConfigurationList section */
	};
	rootObject = 02044AEF23A8C3A400380116 /* Project object */;
}
